
Microsoft Visual Studio Solution File, Format Version 12.00
# Visual Studio Version 16
VisualStudioVersion = 25.0.1705.2
MinimumVisualStudioVersion = 10.0.40219.1
Project("{FAE04EC0-301F-11D3-BF4B-00C04F79EFBC}") = "DebounceThrottle", "DebounceThrottle\DebounceThrottle.csproj", "{DCB1C094-E110-4A89-8293-6B08ACF185B4}"
EndProject
Project("{FAE04EC0-301F-11D3-BF4B-00C04F79EFBC}") = "DebounceThrottle.Tests", "DebounceThrottle.Tests\DebounceThrottle.Tests.csproj", "{F107F13F-291A-4D5A-AC1A-C54F5BC99DEC}"
EndProject
Project("{FAE04EC0-301F-11D3-BF4B-00C04F79EFBC}") = "ThrottleDemo", "Demo\ThrottleDemo.csproj", "{FC0E3884-DDFA-4CD0-815F-2FE358433E41}"
EndProject
Project("{FAE04EC0-301F-11D3-BF4B-00C04F79EFBC}") = "DebounceDemo", "DebounceDemo\DebounceDemo.csproj", "{B8D08AF5-88C2-4034-A0E8-AD359903CBC6}"
EndProject
Global
	GlobalSection(SolutionConfigurationPlatforms) = preSolution
		Debug|Any CPU = Debug|Any CPU
		Release|Any CPU = Release|Any CPU
	EndGlobalSection
	GlobalSection(ProjectConfigurationPlatforms) = postSolution
		{DCB1C094-E110-4A89-8293-6B08ACF185B4}.Debug|Any CPU.ActiveCfg = Debug|Any CPU
		{DCB1C094-E110-4A89-8293-6B08ACF185B4}.Debug|Any CPU.Build.0 = Debug|Any CPU
		{DCB1C094-E110-4A89-8293-6B08ACF185B4}.Release|Any CPU.ActiveCfg = Release|Any CPU
		{DCB1C094-E110-4A89-8293-6B08ACF185B4}.Release|Any CPU.Build.0 = Release|Any CPU
		{F107F13F-291A-4D5A-AC1A-C54F5BC99DEC}.Debug|Any CPU.ActiveCfg = Debug|Any CPU
		{F107F13F-291A-4D5A-AC1A-C54F5BC99DEC}.Debug|Any CPU.Build.0 = Debug|Any CPU
		{F107F13F-291A-4D5A-AC1A-C54F5BC99DEC}.Release|Any CPU.ActiveCfg = Release|Any CPU
		{F107F13F-291A-4D5A-AC1A-C54F5BC99DEC}.Release|Any CPU.Build.0 = Release|Any CPU
		{FC0E3884-DDFA-4CD0-815F-2FE358433E41}.Debug|Any CPU.ActiveCfg = Debug|Any CPU
		{FC0E3884-DDFA-4CD0-815F-2FE358433E41}.Debug|Any CPU.Build.0 = Debug|Any CPU
		{FC0E3884-DDFA-4CD0-815F-2FE358433E41}.Release|Any CPU.ActiveCfg = Release|Any CPU
		{FC0E3884-DDFA-4CD0-815F-2FE358433E41}.Release|Any CPU.Build.0 = Release|Any CPU
		{B8D08AF5-88C2-4034-A0E8-AD359903CBC6}.Debug|Any CPU.ActiveCfg = Debug|Any CPU
		{B8D08AF5-88C2-4034-A0E8-AD359903CBC6}.Debug|Any CPU.Build.0 = Debug|Any CPU
		{B8D08AF5-88C2-4034-A0E8-AD359903CBC6}.Release|Any CPU.ActiveCfg = Release|Any CPU
		{B8D08AF5-88C2-4034-A0E8-AD359903CBC6}.Release|Any CPU.Build.0 = Release|Any CPU
	EndGlobalSection
	GlobalSection(SolutionProperties) = preSolution
		HideSolutionNode = FALSE
	EndGlobalSection
	GlobalSection(ExtensibilityGlobals) = postSolution
		SolutionGuid = {3AEF2792-D9F6-476B-8B98-C163CF7059C4}
	EndGlobalSection
EndGlobal
